{
    "name": "angular-drag-and-drop-lists",
    "version": "2.1.0",
    "lockfileVersion": 3,
    "requires": true,
    "packages": {
        "": {
            "name": "angular-drag-and-drop-lists",
            "version": "2.1.0",
            "license": "MIT",
            "dependencies": {
                "lodash": "^4.17.21"
            },
            "devDependencies": {
                "angular": "~1.4.9",
                "angular-mocks": "~1.4.9",
                "http-server": "~0.6.1",
                "jasmine-core": "~2.4.1",
                "jquery": "~3.5.0",
                "minifier": "~0.7.1"
            }
        },
        "node_modules/abbrev": {
            "version": "1.1.1",
            "resolved": "https://registry.npmjs.org/abbrev/-/abbrev-1.1.1.tgz",
            "integrity": "sha512-nne9/IiQ/hzIhY6pdDnbBtz7DjPTKrY00P/zvPSm5pOFkl6xuGrGnXn/VtTNNfNtAfZ9/1RtehkszU9qcTii0Q==",
            "dev": true
        },
        "node_modules/align-text": {
            "version": "0.1.4",
            "resolved": "https://registry.npmjs.org/align-text/-/align-text-0.1.4.tgz",
            "integrity": "sha512-GrTZLRpmp6wIC2ztrWW9MjjTgSKccffgFagbNDOX95/dcjEcYZibYTeaOntySQLcdw1ztBoFkviiUvTMbb9MYg==",
            "dev": true,
            "dependencies": {
                "kind-of": "^3.0.2",
                "longest": "^1.0.1",
                "repeat-string": "^1.5.2"
            },
            "engines": {
                "node": ">=0.10.0"
            }
        },
        "node_modules/angular": {
            "version": "1.4.14",
            "resolved": "https://registry.npmjs.org/angular/-/angular-1.4.14.tgz",
            "integrity": "sha512-C7sWDna0j/RcDq0+aUhFPhkWqOS+8CSMPx7Mz0hmxOcu921GWwgD3zyDqTkLlOA+wxwh5ecmVyG1lggqvD+icQ==",
            "deprecated": "For the actively supported Angular, see https://www.npmjs.com/package/@angular/core. AngularJS support has officially ended. For extended AngularJS support options, see https://goo.gle/angularjs-path-forward.",
            "dev": true
        },
        "node_modules/angular-mocks": {
            "version": "1.4.14",
            "resolved": "https://registry.npmjs.org/angular-mocks/-/angular-mocks-1.4.14.tgz",
            "integrity": "sha512-0axNp4l8NFCnUvzyamc94x9mbX8u6Ia7hqa7i7pg5fV3Mm635AKU0O9mwIUS94Vw4xj9w0r2DYSmf4MgyyeM1w==",
            "dev": true
        },
        "node_modules/balanced-match": {
            "version": "1.0.2",
            "resolved": "https://registry.npmjs.org/balanced-match/-/balanced-match-1.0.2.tgz",
            "integrity": "sha512-3oSeUO0TMV67hN1AmbXsK4yaqU7tjiHlbxRDZOpH0KW9+CeX4bRAaX0Anxt0tx2MrpRpWwQaPwIlISEJhYU5Pw==",
            "dev": true
        },
        "node_modules/brace-expansion": {
            "version": "1.1.11",
            "resolved": "https://registry.npmjs.org/brace-expansion/-/brace-expansion-1.1.11.tgz",
            "integrity": "sha512-iCuPHDFgrHX7H2vEI/5xpz07zSHB00TpugqhmYtVmMO6518mCuRMoOYFldEBl0g187ufozdaHgWKcYFb61qGiA==",
            "dev": true,
            "dependencies": {
                "balanced-match": "^1.0.0",
                "concat-map": "0.0.1"
            }
        },
        "node_modules/camelcase": {
            "version": "1.2.1",
            "resolved": "https://registry.npmjs.org/camelcase/-/camelcase-1.2.1.tgz",
            "integrity": "sha512-wzLkDa4K/mzI1OSITC+DUyjgIl/ETNHE9QvYgy6J6Jvqyyz4C0Xfd+lQhb19sX2jMpZV4IssUn0VDVmglV+s4g==",
            "dev": true,
            "engines": {
                "node": ">=0.10.0"
            }
        },
        "node_modules/center-align": {
            "version": "0.1.3",
            "resolved": "https://registry.npmjs.org/center-align/-/center-align-0.1.3.tgz",
            "integrity": "sha512-Baz3aNe2gd2LP2qk5U+sDk/m4oSuwSDcBfayTCTBoWpfIGO5XFxPmjILQII4NGiZjD6DoDI6kf7gKaxkf7s3VQ==",
            "dev": true,
            "dependencies": {
                "align-text": "^0.1.3",
                "lazy-cache": "^1.0.3"
            },
            "engines": {
                "node": ">=0.10.0"
            }
        },
        "node_modules/cliui": {
            "version": "2.1.0",
            "resolved": "https://registry.npmjs.org/cliui/-/cliui-2.1.0.tgz",
            "integrity": "sha512-GIOYRizG+TGoc7Wgc1LiOTLare95R3mzKgoln+Q/lE4ceiYH19gUpl0l0Ffq4lJDEf3FxujMe6IBfOCs7pfqNA==",
            "dev": true,
            "dependencies": {
                "center-align": "^0.1.1",
                "right-align": "^0.1.1",
                "wordwrap": "0.0.2"
            }
        },
        "node_modules/cliui/node_modules/wordwrap": {
            "version": "0.0.2",
            "resolved": "https://registry.npmjs.org/wordwrap/-/wordwrap-0.0.2.tgz",
            "integrity": "sha512-xSBsCeh+g+dinoBv3GAOWM4LcVVO68wLXRanibtBSdUvkGWQRGeE9P7IwU9EmDDi4jA6L44lz15CGMwdw9N5+Q==",
            "dev": true,
            "engines": {
                "node": ">=0.4.0"
            }
        },
        "node_modules/colors": {
            "version": "0.6.2",
            "resolved": "https://registry.npmjs.org/colors/-/colors-0.6.2.tgz",
            "integrity": "sha512-OsSVtHK8Ir8r3+Fxw/b4jS1ZLPXkV6ZxDRJQzeD7qo0SqMXWrHDM71DgYzPMHY8SFJ0Ao+nNU2p1MmwdzKqPrw==",
            "dev": true,
            "engines": {
                "node": ">=0.1.90"
            }
        },
        "node_modules/commander": {
            "version": "2.20.3",
            "resolved": "https://registry.npmjs.org/commander/-/commander-2.20.3.tgz",
            "integrity": "sha512-GpVkmM8vF2vQUkj2LvZmD35JxeJOLCwJ9cUkugyk2nuhbv3+mJvpLYYt+0+USMxE+oj+ey/lJEnhZw75x/OMcQ==",
            "dev": true
        },
        "node_modules/concat-map": {
            "version": "0.0.1",
            "resolved": "https://registry.npmjs.org/concat-map/-/concat-map-0.0.1.tgz",
            "integrity": "sha512-/Srv4dswyQNBfohGpz9o6Yb3Gz3SrUDqBH5rTuhGR7ahtlbYKnVxw2bCFMRljaA7EXHaXZ8wsHdodFvbkhKmqg==",
            "dev": true
        },
        "node_modules/css-resolve-import": {
            "version": "0.1.2",
            "resolved": "https://registry.npmjs.org/css-resolve-import/-/css-resolve-import-0.1.2.tgz",
            "integrity": "sha512-x4H8X5iuZqUeHoo8BUZmSqL1eLxHubKKuRzghEqHkLzebKNDS+YCYBqEwF4cpWPQBUBV9FOk/YJDxJEb/VQyMA==",
            "dev": true
        },
        "node_modules/decamelize": {
            "version": "1.2.0",
            "resolved": "https://registry.npmjs.org/decamelize/-/decamelize-1.2.0.tgz",
            "integrity": "sha512-z2S+W9X73hAUUki+N+9Za2lBlun89zigOyGrsax+KUQ6wKW4ZoWpEYBkGhQjwAjjDCkWxhY0VKEhk8wzY7F5cA==",
            "dev": true,
            "engines": {
                "node": ">=0.10.0"
            }
        },
        "node_modules/ecstatic": {
            "version": "0.4.13",
            "resolved": "https://registry.npmjs.org/ecstatic/-/ecstatic-0.4.13.tgz",
            "integrity": "sha512-dIKJNQulD/Pi//s8H75KRH6gjK23v7E/ZyeW4ssfTMHgboIZiqGstOZZ4kGpeUomJCgZ9Qg8ub1fB2zYBM6cKw==",
            "deprecated": "This package is unmaintained and deprecated. See the GH Issue 259.",
            "dev": true,
            "dependencies": {
                "ent": "0.0.x",
                "mime": "1.2.x",
                "optimist": "~0.3.5"
            },
            "bin": {
                "ecstatic": "lib/ecstatic.js"
            }
        },
        "node_modules/ecstatic/node_modules/optimist": {
            "version": "0.3.7",
            "resolved": "https://registry.npmjs.org/optimist/-/optimist-0.3.7.tgz",
            "integrity": "sha512-TCx0dXQzVtSCg2OgY/bO9hjM9cV4XYx09TVK+s3+FhkjT6LovsLe+pPMzpWf+6yXK/hUizs2gUoTw3jHM0VaTQ==",
            "dev": true,
            "dependencies": {
                "wordwrap": "~0.0.2"
            }
        },
        "node_modules/ent": {
            "version": "0.0.7",
            "resolved": "https://registry.npmjs.org/ent/-/ent-0.0.7.tgz",
            "integrity": "sha512-jh1C3FuR/Ma6BiVNCNoOJ8RXQdX7Dmjx/NFUb+gOMJ0i42aLQfm/ZArI+rscmsK+vgryxMhhKryvFh5pQ/6xcw==",
            "dev": true
        },
        "node_modules/fmerge": {
            "version": "1.2.0",
            "resolved": "https://registry.npmjs.org/fmerge/-/fmerge-1.2.0.tgz",
            "integrity": "sha512-ByFA9Pg++TFyB+MlYTEQ/FF/hpEVYjr56xWOpSzCxsjkwfWC7miNIgJAFj3cNbhtn/vusqyen55M8Bg7t3lYiA==",
            "dev": true,
            "hasInstallScript": true
        },
        "node_modules/glob": {
            "version": "5.0.15",
            "resolved": "https://registry.npmjs.org/glob/-/glob-5.0.15.tgz",
            "integrity": "sha512-c9IPMazfRITpmAAKi22dK1VKxGDX9ehhqfABDriL/lzO92xcUKEJPQHrVA/2YHSNFB4iFlykVmWvwo48nr3OxA==",
            "dev": true,
            "dependencies": {
                "inflight": "^1.0.4",
                "inherits": "2",
                "minimatch": "2 || 3",
                "once": "^1.3.0",
                "path-is-absolute": "^1.0.0"
            },
            "engines": {
                "node": "*"
            }
        },
        "node_modules/hogan.js": {
            "version": "3.0.2",
            "resolved": "https://registry.npmjs.org/hogan.js/-/hogan.js-3.0.2.tgz",
            "integrity": "sha512-RqGs4wavGYJWE07t35JQccByczmNUXQT0E12ZYV1VKYu5UiAU9lsos/yBAcf840+zrUQQxgVduCR5/B8nNtibg==",
            "dev": true,
            "dependencies": {
                "mkdirp": "0.3.0",
                "nopt": "1.0.10"
            },
            "bin": {
                "hulk": "bin/hulk"
            }
        },
        "node_modules/http-server": {
            "version": "0.6.1",
            "resolved": "https://registry.npmjs.org/http-server/-/http-server-0.6.1.tgz",
            "integrity": "sha512-00C6H+PNlL5w7nGeJnaGTcVOkj77n/4+yiFCnzXZh/B9MUm1QnLbrJ+WEa9n+fLl+cnTDEk3+n38tiHvsY4NfA==",
            "dev": true,
            "dependencies": {
                "colors": "0.6.x",
                "ecstatic": "0.4.x",
                "opener": "~1.3.0",
                "optimist": "0.5.x",
                "portfinder": "0.2.x",
                "union": "0.3.x"
            },
            "bin": {
                "http-server": "bin/http-server"
            }
        },
        "node_modules/inflight": {
            "version": "1.0.6",
            "resolved": "https://registry.npmjs.org/inflight/-/inflight-1.0.6.tgz",
            "integrity": "sha512-k92I/b08q4wvFscXCLvqfsHCrjrF7yiXsQuIVvVE7N82W3+aqpzuUdBbfhWcy/FZR3/4IgflMgKLOsvPDrGCJA==",
            "dev": true,
            "dependencies": {
                "once": "^1.3.0",
                "wrappy": "1"
            }
        },
        "node_modules/inherits": {
            "version": "2.0.4",
            "resolved": "https://registry.npmjs.org/inherits/-/inherits-2.0.4.tgz",
            "integrity": "sha512-k/vGaX4/Yla3WzyMCvTQOXYeIHvqOKtnqBduzTHpzpQZzAskKMhZ2K+EnBiSM9zGSoIFeMpXKxa4dYeZIQqewQ==",
            "dev": true
        },
        "node_modules/is-buffer": {
            "version": "1.1.6",
            "resolved": "https://registry.npmjs.org/is-buffer/-/is-buffer-1.1.6.tgz",
            "integrity": "sha512-NcdALwpXkTm5Zvvbk7owOUSvVvBKDgKP5/ewfXEznmQFfs4ZRmanOeKBTjRVjka3QFoN6XJ+9F3USqfHqTaU5w==",
            "dev": true
        },
        "node_modules/jasmine-core": {
            "version": "2.4.1",
            "resolved": "https://registry.npmjs.org/jasmine-core/-/jasmine-core-2.4.1.tgz",
            "integrity": "sha512-je45tHvlelm8hbkQ+7CYTZx5pVxe5gQP0xUNagQ36jZOYJyVpQaoJPs3Fs45vswj+6TC0LgE0D1mZ2XGcHqJFw==",
            "dev": true
        },
        "node_modules/jquery": {
            "version": "3.5.1",
            "resolved": "https://registry.npmjs.org/jquery/-/jquery-3.5.1.tgz",
            "integrity": "sha512-XwIBPqcMn57FxfT+Go5pzySnm4KWkT1Tv7gjrpT1srtf8Weynl6R273VJ5GjkRb51IzMp5nbaPjJXMWeju2MKg==",
            "dev": true
        },
        "node_modules/kind-of": {
            "version": "3.2.2",
            "resolved": "https://registry.npmjs.org/kind-of/-/kind-of-3.2.2.tgz",
            "integrity": "sha512-NOW9QQXMoZGg/oqnVNoNTTIFEIid1627WCffUBJEdMxYApq7mNE7CpzucIPc+ZQg25Phej7IJSmX3hO+oblOtQ==",
            "dev": true,
            "dependencies": {
                "is-buffer": "^1.1.5"
            },
            "engines": {
                "node": ">=0.10.0"
            }
        },
        "node_modules/lazy-cache": {
            "version": "1.0.4",
            "resolved": "https://registry.npmjs.org/lazy-cache/-/lazy-cache-1.0.4.tgz",
            "integrity": "sha512-RE2g0b5VGZsOCFOCgP7omTRYFqydmZkBwl5oNnQ1lDYC57uyO9KqNnNVxT7COSHTxrRCWVcAVOcbjk+tvh/rgQ==",
            "dev": true,
            "engines": {
                "node": ">=0.10.0"
            }
        },
        "node_modules/lodash": {
            "version": "4.17.21",
            "resolved": "https://registry.npmjs.org/lodash/-/lodash-4.17.21.tgz",
            "integrity": "sha512-v2kDEe57lecTulaDIuNTPy3Ry4gLGJ6Z1O3vE1krgXZNrsQ+LFTGHVxVjcXPs17LhbZVGedAJv8XZ1tvj5FvSg=="
        },
        "node_modules/longest": {
            "version": "1.0.1",
            "resolved": "https://registry.npmjs.org/longest/-/longest-1.0.1.tgz",
            "integrity": "sha512-k+yt5n3l48JU4k8ftnKG6V7u32wyH2NfKzeMto9F/QRE0amxy/LayxwlvjjkZEIzqR+19IrtFO8p5kB9QaYUFg==",
            "dev": true,
            "engines": {
                "node": ">=0.10.0"
            }
        },
        "node_modules/mime": {
            "version": "1.2.11",
            "resolved": "https://registry.npmjs.org/mime/-/mime-1.2.11.tgz",
            "integrity": "sha512-Ysa2F/nqTNGHhhm9MV8ure4+Hc+Y8AWiqUdHxsO7xu8zc92ND9f3kpALHjaP026Ft17UfxrMt95c50PLUeynBw==",
            "dev": true
        },
        "node_modules/minifier": {
            "version": "0.7.1",
            "resolved": "https://registry.npmjs.org/minifier/-/minifier-0.7.1.tgz",
            "integrity": "sha512-rEMYt8OhUke0IfEiWjoFuy+nnrrY4XaQOTsSwsVsLTb4dvkEd0LWLiWnP2k0uJ6Bvrg5wPn5atraOmc72CVL6w==",
            "deprecated": "please don't use. see readme (https://github.com/fizker/minifier) for details",
            "dev": true,
            "dependencies": {
                "commander": "^2.8.1",
                "css-resolve-import": "^0.1.1",
                "fmerge": "^1.2.0",
                "glob": "^5.0.14",
                "hogan.js": "^3.0.2",
                "sqwish": "~0.2.2",
                "uglify-js": "^2.4.24"
            },
            "bin": {
                "minify": "index.js"
            },
            "engines": {
                "node": "~0.10.0 || ^0.12.0"
            }
        },
        "node_modules/minimatch": {
            "version": "3.1.2",
            "resolved": "https://registry.npmjs.org/minimatch/-/minimatch-3.1.2.tgz",
            "integrity": "sha512-J7p63hRiAjw1NDEww1W7i37+ByIrOWO5XQQAzZ3VOcL0PNybwpfmV/N05zFAzwQ9USyEcX6t3UO+K5aqBQOIHw==",
            "dev": true,
            "dependencies": {
                "brace-expansion": "^1.1.7"
            },
            "engines": {
                "node": "*"
            }
        },
        "node_modules/mkdirp": {
            "version": "0.3.0",
            "resolved": "https://registry.npmjs.org/mkdirp/-/mkdirp-0.3.0.tgz",
            "integrity": "sha512-OHsdUcVAQ6pOtg5JYWpCBo9W/GySVuwvP9hueRMW7UqshC0tbfzLv8wjySTPm3tfUZ/21CE9E1pJagOA91Pxew==",
            "deprecated": "Legacy versions of mkdirp are no longer supported. Please update to mkdirp 1.x. (Note that the API surface has changed to use Promises in 1.x.)",
            "dev": true,
            "engines": {
                "node": "*"
            }
        },
        "node_modules/nopt": {
            "version": "1.0.10",
            "resolved": "https://registry.npmjs.org/nopt/-/nopt-1.0.10.tgz",
            "integrity": "sha512-NWmpvLSqUrgrAC9HCuxEvb+PSloHpqVu+FqcO4eeF2h5qYRhA7ev6KvelyQAKtegUbC6RypJnlEOhd8vloNKYg==",
            "dev": true,
            "dependencies": {
                "abbrev": "1"
            },
            "bin": {
                "nopt": "bin/nopt.js"
            },
            "engines": {
                "node": "*"
            }
        },
        "node_modules/once": {
            "version": "1.4.0",
            "resolved": "https://registry.npmjs.org/once/-/once-1.4.0.tgz",
            "integrity": "sha512-lNaJgI+2Q5URQBkccEKHTQOPaXdUxnZZElQTZY0MFUAuaEqe1E+Nyvgdz/aIyNi6Z9MzO5dv1H8n58/GELp3+w==",
            "dev": true,
            "dependencies": {
                "wrappy": "1"
            }
        },
        "node_modules/opener": {
            "version": "1.3.0",
            "resolved": "https://registry.npmjs.org/opener/-/opener-1.3.0.tgz",
            "integrity": "sha512-sBqelaOnn8SA+zefIj/VMXgIACr6URhyysMn2DEx2fTcbmyDbPf8wWs5rPgoR2SVRBk1oNYl8YE7LwV84FCJCg==",
            "dev": true,
            "bin": {
                "opener": "opener.js"
            }
        },
        "node_modules/optimist": {
            "version": "0.5.2",
            "resolved": "https://registry.npmjs.org/optimist/-/optimist-0.5.2.tgz",
            "integrity": "sha512-r9M8ZpnM9SXV5Wii7TCqienfcaY3tAiJe9Jchof87icbmbruKgK0xKXngmrnowTDnEawmmI1Qbha59JEoBkBGA==",
            "dev": true,
            "dependencies": {
                "wordwrap": "~0.0.2"
            }
        },
        "node_modules/path-is-absolute": {
            "version": "1.0.1",
            "resolved": "https://registry.npmjs.org/path-is-absolute/-/path-is-absolute-1.0.1.tgz",
            "integrity": "sha512-AVbw3UJ2e9bq64vSaS9Am0fje1Pa8pbGqTTsmXfaIiMpnr5DlDhfJOuLj9Sf95ZPVDAUerDfEk88MPmPe7UCQg==",
            "dev": true,
            "engines": {
                "node": ">=0.10.0"
            }
        },
        "node_modules/pkginfo": {
            "version": "0.2.3",
            "resolved": "https://registry.npmjs.org/pkginfo/-/pkginfo-0.2.3.tgz",
            "integrity": "sha512-7W7wTrE/NsY8xv/DTGjwNIyNah81EQH0MWcTzrHL6pOpMocOGZc0Mbdz9aXxSrp+U0mSmkU8jrNCDCfUs3sOBg==",
            "dev": true,
            "engines": {
                "node": ">= 0.4.0"
            }
        },
        "node_modules/portfinder": {
            "version": "0.2.1",
            "resolved": "https://registry.npmjs.org/portfinder/-/portfinder-0.2.1.tgz",
            "integrity": "sha512-U7dHe7mfMMP5cIwbqBHh/likunxAEiBsQLiThUWjyeRK6/C3um2uk+VGiekUW8q3h+s793gdNfagCM3aaXMeOg==",
            "dev": true,
            "dependencies": {
                "mkdirp": "0.0.x"
            },
            "engines": {
                "node": ">= 0.4.0"
            }
        },
        "node_modules/portfinder/node_modules/mkdirp": {
            "version": "0.0.7",
            "resolved": "https://registry.npmjs.org/mkdirp/-/mkdirp-0.0.7.tgz",
            "integrity": "sha512-r4Ml2CH2Kl4B0+Lwq1SVru0vjMxdtR+UEb938WTQcsnU+EJz8dUV/HY0LTZh466nUSljia9cvqW3LZLWs3l8LQ==",
            "deprecated": "Legacy versions of mkdirp are no longer supported. Please update to mkdirp 1.x. (Note that the API surface has changed to use Promises in 1.x.)",
            "dev": true,
            "engines": {
                "node": "*"
            }
        },
        "node_modules/qs": {
            "version": "0.5.6",
            "resolved": "https://registry.npmjs.org/qs/-/qs-0.5.6.tgz",
            "integrity": "sha512-KbOrQrP5Ye+0gmq+hwxoJwAFRwExACWqwxj1IDFFgqOw9Poxy3wwSbafd9ZqP6T6ykMfnxM573kt/a4i9ybatQ==",
            "dev": true,
            "engines": {
                "node": "*"
            }
        },
        "node_modules/repeat-string": {
            "version": "1.6.1",
            "resolved": "https://registry.npmjs.org/repeat-string/-/repeat-string-1.6.1.tgz",
            "integrity": "sha512-PV0dzCYDNfRi1jCDbJzpW7jNNDRuCOG/jI5ctQcGKt/clZD+YcPS3yIlWuTJMmESC8aevCFmWJy5wjAFgNqN6w==",
            "dev": true,
            "engines": {
                "node": ">=0.10"
            }
        },
        "node_modules/right-align": {
            "version": "0.1.3",
            "resolved": "https://registry.npmjs.org/right-align/-/right-align-0.1.3.tgz",
            "integrity": "sha512-yqINtL/G7vs2v+dFIZmFUDbnVyFUJFKd6gK22Kgo6R4jfJGFtisKyncWDDULgjfqf4ASQuIQyjJ7XZ+3aWpsAg==",
            "dev": true,
            "dependencies": {
                "align-text": "^0.1.1"
            },
            "engines": {
                "node": ">=0.10.0"
            }
        },
        "node_modules/source-map": {
            "version": "0.5.7",
            "resolved": "https://registry.npmjs.org/source-map/-/source-map-0.5.7.tgz",
            "integrity": "sha512-LbrmJOMUSdEVxIKvdcJzQC+nQhe8FUZQTXQy6+I75skNgn3OoQ0DZA8YnFa7gp8tqtL3KPf1kmo0R5DoApeSGQ==",
            "dev": true,
            "engines": {
                "node": ">=0.10.0"
            }
        },
        "node_modules/sqwish": {
            "version": "0.2.2",
            "resolved": "https://registry.npmjs.org/sqwish/-/sqwish-0.2.2.tgz",
            "integrity": "sha512-MyaCOSCiThzFPcXHebkWiiXDDlEzbHtbdJBqos4CkUwiKdCgQU0IOzBJwswhBv2Qg3glj5TxzDxvKobuyB4e8w==",
            "dev": true,
            "bin": {
                "sqwish": "bin/sqwish"
            },
            "engines": {
                "node": ">= 0.4.1"
            }
        },
        "node_modules/uglify-js": {
            "version": "2.8.29",
            "resolved": "https://registry.npmjs.org/uglify-js/-/uglify-js-2.8.29.tgz",
            "integrity": "sha512-qLq/4y2pjcU3vhlhseXGGJ7VbFO4pBANu0kwl8VCa9KEI0V8VfZIx2Fy3w01iSTA/pGwKZSmu/+I4etLNDdt5w==",
            "dev": true,
            "dependencies": {
                "source-map": "~0.5.1",
                "yargs": "~3.10.0"
            },
            "bin": {
                "uglifyjs": "bin/uglifyjs"
            },
            "engines": {
                "node": ">=0.8.0"
            },
            "optionalDependencies": {
                "uglify-to-browserify": "~1.0.0"
            }
        },
        "node_modules/uglify-to-browserify": {
            "version": "1.0.2",
            "resolved": "https://registry.npmjs.org/uglify-to-browserify/-/uglify-to-browserify-1.0.2.tgz",
            "integrity": "sha512-vb2s1lYx2xBtUgy+ta+b2J/GLVUR+wmpINwHePmPRhOsIVCG2wDzKJ0n14GslH1BifsqVzSOwQhRaCAsZ/nI4Q==",
            "dev": true,
            "optional": true
        },
        "node_modules/union": {
            "version": "0.3.8",
            "resolved": "https://registry.npmjs.org/union/-/union-0.3.8.tgz",
            "integrity": "sha512-0rE7P7EEOPZabwOGltjAFItQKHFx8pYfkamn3Se7KVdufcuwq6HwvVyVRqAVT/bfhwvJdb8Fs8HoXaL+IHCiWw==",
            "dev": true,
            "dependencies": {
                "pkginfo": "0.2.x",
                "qs": "0.5.x"
            },
            "engines": {
                "node": ">= 0.4.0"
            }
        },
        "node_modules/window-size": {
            "version": "0.1.0",
            "resolved": "https://registry.npmjs.org/window-size/-/window-size-0.1.0.tgz",
            "integrity": "sha512-1pTPQDKTdd61ozlKGNCjhNRd+KPmgLSGa3mZTHoOliaGcESD8G1PXhh7c1fgiPjVbNVfgy2Faw4BI8/m0cC8Mg==",
            "dev": true,
            "engines": {
                "node": ">= 0.8.0"
            }
        },
        "node_modules/wordwrap": {
            "version": "0.0.3",
            "resolved": "https://registry.npmjs.org/wordwrap/-/wordwrap-0.0.3.tgz",
            "integrity": "sha512-1tMA907+V4QmxV7dbRvb4/8MaRALK6q9Abid3ndMYnbyo8piisCmeONVqVSXqQA3KaP4SLt5b7ud6E2sqP8TFw==",
            "dev": true,
            "engines": {
                "node": ">=0.4.0"
            }
        },
        "node_modules/wrappy": {
            "version": "1.0.2",
            "resolved": "https://registry.npmjs.org/wrappy/-/wrappy-1.0.2.tgz",
            "integrity": "sha512-l4Sp/DRseor9wL6EvV2+TuQn63dMkPjZ/sp9XkghTEbV9KlPS1xUsZ3u7/IQO4wxtcFB4bgpQPRcR3QCvezPcQ==",
            "dev": true
        },
        "node_modules/yargs": {
            "version": "3.10.0",
            "resolved": "https://registry.npmjs.org/yargs/-/yargs-3.10.0.tgz",
            "integrity": "sha512-QFzUah88GAGy9lyDKGBqZdkYApt63rCXYBGYnEP4xDJPXNqXXnBDACnbrXnViV6jRSqAePwrATi2i8mfYm4L1A==",
            "dev": true,
            "dependencies": {
                "camelcase": "^1.0.2",
                "cliui": "^2.1.0",
                "decamelize": "^1.0.0",
                "window-size": "0.1.0"
            }
        }
    }
}
